
Microsoft Visual Studio Solution File, Format Version 12.00
# Visual Studio Version 16
VisualStudioVersion = 16.0.30011.22
MinimumVisualStudioVersion = 10.0.40219.1
Project("{FAE04EC0-301F-11D3-BF4B-00C04F79EFBC}") = "SharpLab6", "SharpLab6\SharpLab6.csproj", "{DAD105CD-184A-4CDC-9832-F2F2F363C350}"
EndProject
Global
	GlobalSection(SolutionConfigurationPlatforms) = preSolution
		Debug|Any CPU = Debug|Any CPU
		Release|Any CPU = Release|Any CPU
	EndGlobalSection
	GlobalSection(ProjectConfigurationPlatforms) = postSolution
		{DAD105CD-184A-4CDC-9832-F2F2F363C350}.Debug|Any CPU.ActiveCfg = Debug|Any CPU
		{DAD105CD-184A-4CDC-9832-F2F2F363C350}.Debug|Any CPU.Build.0 = Debug|Any CPU
		{DAD105CD-184A-4CDC-9832-F2F2F363C350}.Release|Any CPU.ActiveCfg = Release|Any CPU
		{DAD105CD-184A-4CDC-9832-F2F2F363C350}.Release|Any CPU.Build.0 = Release|Any CPU
	EndGlobalSection
	GlobalSection(SolutionProperties) = preSolution
		HideSolutionNode = FALSE
	EndGlobalSection
	GlobalSection(ExtensibilityGlobals) = postSolution
		SolutionGuid = {DC43E3C5-665B-4BB0-8190-90368578DE9A}
	EndGlobalSection
EndGlobal
