
Microsoft Visual Studio Solution File, Format Version 12.00
# Visual Studio Version 16
VisualStudioVersion = 16.0.30011.22
MinimumVisualStudioVersion = 10.0.40219.1
Project("{9A19103F-16F7-4668-BE54-9A1E7A4F7556}") = "Lab4_1", "Lab4_1\Lab4_1.csproj", "{0BAE7CC5-A233-4A63-A347-F4E44B2D0116}"
EndProject
Project("{2150E333-8FDC-42A3-9474-1A3956D46DE8}") = "Solution Items", "Solution Items", "{58B861AE-81EA-435B-9240-1D447C5B2D71}"
EndProject
Project("{9A19103F-16F7-4668-BE54-9A1E7A4F7556}") = "lab4_2", "lab4_2\lab4_2.csproj", "{04F7CFB1-F8A2-4F40-863E-32AAE7702FDD}"
EndProject
Project("{8BC9CEB8-8B4A-11D0-8D11-00A0C91BC942}") = "BlankDLL", "BlankDLL\BlankDLL.vcxproj", "{44A236AC-A784-4CE7-B3F1-9D1F534E8B59}"
EndProject
Global
	GlobalSection(SolutionConfigurationPlatforms) = preSolution
		Debug|Any CPU = Debug|Any CPU
		Debug|x64 = Debug|x64
		Debug|x86 = Debug|x86
		Release|Any CPU = Release|Any CPU
		Release|x64 = Release|x64
		Release|x86 = Release|x86
	EndGlobalSection
	GlobalSection(ProjectConfigurationPlatforms) = postSolution
		{0BAE7CC5-A233-4A63-A347-F4E44B2D0116}.Debug|Any CPU.ActiveCfg = Debug|Any CPU
		{0BAE7CC5-A233-4A63-A347-F4E44B2D0116}.Debug|Any CPU.Build.0 = Debug|Any CPU
		{0BAE7CC5-A233-4A63-A347-F4E44B2D0116}.Debug|x64.ActiveCfg = Debug|Any CPU
		{0BAE7CC5-A233-4A63-A347-F4E44B2D0116}.Debug|x64.Build.0 = Debug|Any CPU
		{0BAE7CC5-A233-4A63-A347-F4E44B2D0116}.Debug|x86.ActiveCfg = Debug|Any CPU
		{0BAE7CC5-A233-4A63-A347-F4E44B2D0116}.Debug|x86.Build.0 = Debug|Any CPU
		{0BAE7CC5-A233-4A63-A347-F4E44B2D0116}.Release|Any CPU.ActiveCfg = Release|Any CPU
		{0BAE7CC5-A233-4A63-A347-F4E44B2D0116}.Release|Any CPU.Build.0 = Release|Any CPU
		{0BAE7CC5-A233-4A63-A347-F4E44B2D0116}.Release|x64.ActiveCfg = Release|Any CPU
		{0BAE7CC5-A233-4A63-A347-F4E44B2D0116}.Release|x64.Build.0 = Release|Any CPU
		{0BAE7CC5-A233-4A63-A347-F4E44B2D0116}.Release|x86.ActiveCfg = Release|Any CPU
		{0BAE7CC5-A233-4A63-A347-F4E44B2D0116}.Release|x86.Build.0 = Release|Any CPU
		{04F7CFB1-F8A2-4F40-863E-32AAE7702FDD}.Debug|Any CPU.ActiveCfg = Debug|Any CPU
		{04F7CFB1-F8A2-4F40-863E-32AAE7702FDD}.Debug|Any CPU.Build.0 = Debug|Any CPU
		{04F7CFB1-F8A2-4F40-863E-32AAE7702FDD}.Debug|x64.ActiveCfg = Debug|Any CPU
		{04F7CFB1-F8A2-4F40-863E-32AAE7702FDD}.Debug|x64.Build.0 = Debug|Any CPU
		{04F7CFB1-F8A2-4F40-863E-32AAE7702FDD}.Debug|x86.ActiveCfg = Debug|Any CPU
		{04F7CFB1-F8A2-4F40-863E-32AAE7702FDD}.Debug|x86.Build.0 = Debug|Any CPU
		{04F7CFB1-F8A2-4F40-863E-32AAE7702FDD}.Release|Any CPU.ActiveCfg = Release|Any CPU
		{04F7CFB1-F8A2-4F40-863E-32AAE7702FDD}.Release|Any CPU.Build.0 = Release|Any CPU
		{04F7CFB1-F8A2-4F40-863E-32AAE7702FDD}.Release|x64.ActiveCfg = Release|Any CPU
		{04F7CFB1-F8A2-4F40-863E-32AAE7702FDD}.Release|x64.Build.0 = Release|Any CPU
		{04F7CFB1-F8A2-4F40-863E-32AAE7702FDD}.Release|x86.ActiveCfg = Release|Any CPU
		{04F7CFB1-F8A2-4F40-863E-32AAE7702FDD}.Release|x86.Build.0 = Release|Any CPU
		{44A236AC-A784-4CE7-B3F1-9D1F534E8B59}.Debug|Any CPU.ActiveCfg = Debug|Win32
		{44A236AC-A784-4CE7-B3F1-9D1F534E8B59}.Debug|x64.ActiveCfg = Debug|x64
		{44A236AC-A784-4CE7-B3F1-9D1F534E8B59}.Debug|x64.Build.0 = Debug|x64
		{44A236AC-A784-4CE7-B3F1-9D1F534E8B59}.Debug|x86.ActiveCfg = Debug|Win32
		{44A236AC-A784-4CE7-B3F1-9D1F534E8B59}.Debug|x86.Build.0 = Debug|Win32
		{44A236AC-A784-4CE7-B3F1-9D1F534E8B59}.Release|Any CPU.ActiveCfg = Release|Win32
		{44A236AC-A784-4CE7-B3F1-9D1F534E8B59}.Release|x64.ActiveCfg = Release|x64
		{44A236AC-A784-4CE7-B3F1-9D1F534E8B59}.Release|x64.Build.0 = Release|x64
		{44A236AC-A784-4CE7-B3F1-9D1F534E8B59}.Release|x86.ActiveCfg = Release|Win32
		{44A236AC-A784-4CE7-B3F1-9D1F534E8B59}.Release|x86.Build.0 = Release|Win32
	EndGlobalSection
	GlobalSection(SolutionProperties) = preSolution
		HideSolutionNode = FALSE
	EndGlobalSection
	GlobalSection(ExtensibilityGlobals) = postSolution
		SolutionGuid = {9826BBBB-19C6-4EAE-AC7B-E91FE567A4CE}
	EndGlobalSection
EndGlobal
