
Microsoft Visual Studio Solution File, Format Version 12.00
# Visual Studio Version 16
VisualStudioVersion = 16.0.30011.22
MinimumVisualStudioVersion = 10.0.40219.1
Project("{FAE04EC0-301F-11D3-BF4B-00C04F79EFBC}") = "SharpLab8", "SharpLab8\SharpLab8.csproj", "{DE12D1FC-CD6B-415F-A00B-453F6A290598}"
EndProject
Global
	GlobalSection(SolutionConfigurationPlatforms) = preSolution
		Debug|Any CPU = Debug|Any CPU
		Release|Any CPU = Release|Any CPU
	EndGlobalSection
	GlobalSection(ProjectConfigurationPlatforms) = postSolution
		{DE12D1FC-CD6B-415F-A00B-453F6A290598}.Debug|Any CPU.ActiveCfg = Debug|Any CPU
		{DE12D1FC-CD6B-415F-A00B-453F6A290598}.Debug|Any CPU.Build.0 = Debug|Any CPU
		{DE12D1FC-CD6B-415F-A00B-453F6A290598}.Release|Any CPU.ActiveCfg = Release|Any CPU
		{DE12D1FC-CD6B-415F-A00B-453F6A290598}.Release|Any CPU.Build.0 = Release|Any CPU
	EndGlobalSection
	GlobalSection(SolutionProperties) = preSolution
		HideSolutionNode = FALSE
	EndGlobalSection
	GlobalSection(ExtensibilityGlobals) = postSolution
		SolutionGuid = {6C251745-BD36-42E2-9B06-FB0A03B7C3E0}
	EndGlobalSection
EndGlobal
